
Microsoft Visual Studio Solution File, Format Version 12.00
# Visual Studio Version 17
VisualStudioVersion = 17.11.35327.3
MinimumVisualStudioVersion = 10.0.40219.1
Project("{FAE04EC0-301F-11D3-BF4B-00C04F79EFBC}") = "Set2Ex1", "Set2Ex1.csproj", "{FCABDD22-4ABF-4E97-B5DD-FAE2C147FEF1}"
EndProject
Global
	GlobalSection(SolutionConfigurationPlatforms) = preSolution
		Debug|Any CPU = Debug|Any CPU
		Release|Any CPU = Release|Any CPU
	EndGlobalSection
	GlobalSection(ProjectConfigurationPlatforms) = postSolution
		{FCABDD22-4ABF-4E97-B5DD-FAE2C147FEF1}.Debug|Any CPU.ActiveCfg = Debug|Any CPU
		{FCABDD22-4ABF-4E97-B5DD-FAE2C147FEF1}.Debug|Any CPU.Build.0 = Debug|Any CPU
		{FCABDD22-4ABF-4E97-B5DD-FAE2C147FEF1}.Release|Any CPU.ActiveCfg = Release|Any CPU
		{FCABDD22-4ABF-4E97-B5DD-FAE2C147FEF1}.Release|Any CPU.Build.0 = Release|Any CPU
	EndGlobalSection
	GlobalSection(SolutionProperties) = preSolution
		HideSolutionNode = FALSE
	EndGlobalSection
	GlobalSection(ExtensibilityGlobals) = postSolution
		SolutionGuid = {A0BCD15E-79DB-409E-9010-C810FC21B358}
	EndGlobalSection
EndGlobal
